// !$*UTF8*$!
{
	archiveVersion = 1;
	classes = {
	};
	objectVersion = 50;
	objects = {

/* Begin PBXBuildFile section */
		A703C5D76B28E4BC0082B130 /* libPods-TruMove.a in Frameworks */ = {isa = PBXBuildFile; fileRef = EB0AD2E02D5F10D1605CBBB0 /* libPods-TruMove.a */; };
		E4862BC9222B7C44004B982A /* MainTabBarController.swift in Sources */ = {isa = PBXBuildFile; fileRef = E4862BC8222B7C44004B982A /* MainTabBarController.swift */; };
		E4862BEA222B7E5D004B982A /* Extensions.swift in Sources */ = {isa = PBXBuildFile; fileRef = E4862BE3222B7E5C004B982A /* Extensions.swift */; };
		E4862BEB222B7E5D004B982A /* SportSearchController.swift in Sources */ = {isa = PBXBuildFile; fileRef = E4862BE5222B7E5C004B982A /* SportSearchController.swift */; };
		E4862BEC222B7E5D004B982A /* SportSearchCell.swift in Sources */ = {isa = PBXBuildFile; fileRef = E4862BE6222B7E5C004B982A /* SportSearchCell.swift */; };
		E4862BED222B7E5D004B982A /* DataAnalysisController.swift in Sources */ = {isa = PBXBuildFile; fileRef = E4862BE8222B7E5D004B982A /* DataAnalysisController.swift */; };
		E4862BEE222B7E5D004B982A /* SportIntroController.swift in Sources */ = {isa = PBXBuildFile; fileRef = E4862BE9222B7E5D004B982A /* SportIntroController.swift */; };
		E4862BF2222B7E7F004B982A /* LoginController.swift in Sources */ = {isa = PBXBuildFile; fileRef = E4862BF0222B7E7F004B982A /* LoginController.swift */; };
		E4862BF3222B7E7F004B982A /* SignUpController.swift in Sources */ = {isa = PBXBuildFile; fileRef = E4862BF1222B7E7F004B982A /* SignUpController.swift */; };
		E4862BF5222B7EBA004B982A /* GoogleService-Info.plist in Resources */ = {isa = PBXBuildFile; fileRef = E4862BF4222B7EBA004B982A /* GoogleService-Info.plist */; };
		E49EA31F221DFFCB003627AD /* AppDelegate.swift in Sources */ = {isa = PBXBuildFile; fileRef = E49EA31E221DFFCB003627AD /* AppDelegate.swift */; };
		E49EA321221DFFCB003627AD /* ViewController.swift in Sources */ = {isa = PBXBuildFile; fileRef = E49EA320221DFFCB003627AD /* ViewController.swift */; };
		E49EA324221DFFCB003627AD /* Main.storyboard in Resources */ = {isa = PBXBuildFile; fileRef = E49EA322221DFFCB003627AD /* Main.storyboard */; };
		E49EA326221DFFCD003627AD /* Assets.xcassets in Resources */ = {isa = PBXBuildFile; fileRef = E49EA325221DFFCD003627AD /* Assets.xcassets */; };
		E49EA329221DFFCD003627AD /* LaunchScreen.storyboard in Resources */ = {isa = PBXBuildFile; fileRef = E49EA327221DFFCD003627AD /* LaunchScreen.storyboard */; };
/* End PBXBuildFile section */

/* Begin PBXFileReference section */
		A9D210BA187BA5D143F3C273 /* Pods-TruMove.debug.xcconfig */ = {isa = PBXFileReference; includeInIndex = 1; lastKnownFileType = text.xcconfig; name = "Pods-TruMove.debug.xcconfig"; path = "Pods/Target Support Files/Pods-TruMove/Pods-TruMove.debug.xcconfig"; sourceTree = "<group>"; };
		DED66FC11A673F9075E1626B /* Pods-TruMove.release.xcconfig */ = {isa = PBXFileReference; includeInIndex = 1; lastKnownFileType = text.xcconfig; name = "Pods-TruMove.release.xcconfig"; path = "Pods/Target Support Files/Pods-TruMove/Pods-TruMove.release.xcconfig"; sourceTree = "<group>"; };
		E4862BC8222B7C44004B982A /* MainTabBarController.swift */ = {isa = PBXFileReference; lastKnownFileType = sourcecode.swift; name = MainTabBarController.swift; path = /Users/damon/Documents/workspace/TruMove/TruMove/MainTabBarController.swift; sourceTree = "<absolute>"; };
		E4862BE3222B7E5C004B982A /* Extensions.swift */ = {isa = PBXFileReference; fileEncoding = 4; lastKnownFileType = sourcecode.swift; path = Extensions.swift; sourceTree = "<group>"; };
		E4862BE5222B7E5C004B982A /* SportSearchController.swift */ = {isa = PBXFileReference; fileEncoding = 4; lastKnownFileType = sourcecode.swift; path = SportSearchController.swift; sourceTree = "<group>"; };
		E4862BE6222B7E5C004B982A /* SportSearchCell.swift */ = {isa = PBXFileReference; fileEncoding = 4; lastKnownFileType = sourcecode.swift; path = SportSearchCell.swift; sourceTree = "<group>"; };
		E4862BE8222B7E5D004B982A /* DataAnalysisController.swift */ = {isa = PBXFileReference; fileEncoding = 4; lastKnownFileType = sourcecode.swift; path = DataAnalysisController.swift; sourceTree = "<group>"; };
		E4862BE9222B7E5D004B982A /* SportIntroController.swift */ = {isa = PBXFileReference; fileEncoding = 4; lastKnownFileType = sourcecode.swift; path = SportIntroController.swift; sourceTree = "<group>"; };
		E4862BF0222B7E7F004B982A /* LoginController.swift */ = {isa = PBXFileReference; fileEncoding = 4; lastKnownFileType = sourcecode.swift; path = LoginController.swift; sourceTree = "<group>"; };
		E4862BF1222B7E7F004B982A /* SignUpController.swift */ = {isa = PBXFileReference; fileEncoding = 4; lastKnownFileType = sourcecode.swift; path = SignUpController.swift; sourceTree = "<group>"; };
		E4862BF4222B7EBA004B982A /* GoogleService-Info.plist */ = {isa = PBXFileReference; fileEncoding = 4; lastKnownFileType = text.plist.xml; path = "GoogleService-Info.plist"; sourceTree = "<group>"; };
		E49EA31B221DFFCB003627AD /* TruMove.app */ = {isa = PBXFileReference; explicitFileType = wrapper.application; includeInIndex = 0; path = TruMove.app; sourceTree = BUILT_PRODUCTS_DIR; };
		E49EA31E221DFFCB003627AD /* AppDelegate.swift */ = {isa = PBXFileReference; lastKnownFileType = sourcecode.swift; path = AppDelegate.swift; sourceTree = "<group>"; };
		E49EA320221DFFCB003627AD /* ViewController.swift */ = {isa = PBXFileReference; lastKnownFileType = sourcecode.swift; path = ViewController.swift; sourceTree = "<group>"; };
		E49EA323221DFFCB003627AD /* Base */ = {isa = PBXFileReference; lastKnownFileType = file.storyboard; name = Base; path = Base.lproj/Main.storyboard; sourceTree = "<group>"; };
		E49EA325221DFFCD003627AD /* Assets.xcassets */ = {isa = PBXFileReference; lastKnownFileType = folder.assetcatalog; path = Assets.xcassets; sourceTree = "<group>"; };
		E49EA328221DFFCD003627AD /* Base */ = {isa = PBXFileReference; lastKnownFileType = file.storyboard; name = Base; path = Base.lproj/LaunchScreen.storyboard; sourceTree = "<group>"; };
		E49EA32A221DFFCD003627AD /* Info.plist */ = {isa = PBXFileReference; lastKnownFileType = text.plist.xml; path = Info.plist; sourceTree = "<group>"; };
		EB0AD2E02D5F10D1605CBBB0 /* libPods-TruMove.a */ = {isa = PBXFileReference; explicitFileType = archive.ar; includeInIndex = 0; path = "libPods-TruMove.a"; sourceTree = BUILT_PRODUCTS_DIR; };
/* End PBXFileReference section */

/* Begin PBXFrameworksBuildPhase section */
		E49EA318221DFFCB003627AD /* Frameworks */ = {
			isa = PBXFrameworksBuildPhase;
			buildActionMask = 2147483647;
			files = (
				A703C5D76B28E4BC0082B130 /* libPods-TruMove.a in Frameworks */,
			);
			runOnlyForDeploymentPostprocessing = 0;
		};
/* End PBXFrameworksBuildPhase section */

/* Begin PBXGroup section */
		3AD7977952100D0357D2CEB0 /* Pods */ = {
			isa = PBXGroup;
			children = (
				A9D210BA187BA5D143F3C273 /* Pods-TruMove.debug.xcconfig */,
				DED66FC11A673F9075E1626B /* Pods-TruMove.release.xcconfig */,
			);
			name = Pods;
			sourceTree = "<group>";
		};
		422F2DD3C86BB122817A12D6 /* Frameworks */ = {
			isa = PBXGroup;
			children = (
				EB0AD2E02D5F10D1605CBBB0 /* libPods-TruMove.a */,
			);
			name = Frameworks;
			sourceTree = "<group>";
		};
		E4862BE2222B7E5C004B982A /* Utils */ = {
			isa = PBXGroup;
			children = (
				E4862BE3222B7E5C004B982A /* Extensions.swift */,
			);
			path = Utils;
			sourceTree = "<group>";
		};
		E4862BE4222B7E5C004B982A /* Search */ = {
			isa = PBXGroup;
			children = (
				E4862BE5222B7E5C004B982A /* SportSearchController.swift */,
				E4862BE6222B7E5C004B982A /* SportSearchCell.swift */,
			);
			path = Search;
			sourceTree = "<group>";
		};
		E4862BE7222B7E5D004B982A /* Train */ = {
			isa = PBXGroup;
			children = (
				E4862BE8222B7E5D004B982A /* DataAnalysisController.swift */,
				E4862BE9222B7E5D004B982A /* SportIntroController.swift */,
			);
			path = Train;
			sourceTree = "<group>";
		};
		E4862BEF222B7E7F004B982A /* Login */ = {
			isa = PBXGroup;
			children = (
				E4862BF0222B7E7F004B982A /* LoginController.swift */,
				E4862BF1222B7E7F004B982A /* SignUpController.swift */,
			);
			path = Login;
			sourceTree = "<group>";
		};
		E49EA312221DFFCB003627AD = {
			isa = PBXGroup;
			children = (
				E49EA31D221DFFCB003627AD /* TruMove */,
				E49EA31C221DFFCB003627AD /* Products */,
				3AD7977952100D0357D2CEB0 /* Pods */,
				422F2DD3C86BB122817A12D6 /* Frameworks */,
			);
			sourceTree = "<group>";
		};
		E49EA31C221DFFCB003627AD /* Products */ = {
			isa = PBXGroup;
			children = (
				E49EA31B221DFFCB003627AD /* TruMove.app */,
			);
			name = Products;
			sourceTree = "<group>";
		};
		E49EA31D221DFFCB003627AD /* TruMove */ = {
			isa = PBXGroup;
			children = (
				E4862BEF222B7E7F004B982A /* Login */,
				E4862BE4222B7E5C004B982A /* Search */,
				E4862BE7222B7E5D004B982A /* Train */,
				E4862BE2222B7E5C004B982A /* Utils */,
				E4862BC8222B7C44004B982A /* MainTabBarController.swift */,
				E49EA31E221DFFCB003627AD /* AppDelegate.swift */,
				E49EA320221DFFCB003627AD /* ViewController.swift */,
				E49EA322221DFFCB003627AD /* Main.storyboard */,
				E49EA325221DFFCD003627AD /* Assets.xcassets */,
				E49EA327221DFFCD003627AD /* LaunchScreen.storyboard */,
				E4862BF4222B7EBA004B982A /* GoogleService-Info.plist */,
				E49EA32A221DFFCD003627AD /* Info.plist */,
			);
			path = TruMove;
			sourceTree = "<group>";
		};
/* End PBXGroup section */

/* Begin PBXNativeTarget section */
		E49EA31A221DFFCB003627AD /* TruMove */ = {
			isa = PBXNativeTarget;
			buildConfigurationList = E49EA32D221DFFCD003627AD /* Build configuration list for PBXNativeTarget "TruMove" */;
			buildPhases = (
				0932FEAD58E01A0BA5BD8EB7 /* [CP] Check Pods Manifest.lock */,
				E49EA317221DFFCB003627AD /* Sources */,
				E49EA318221DFFCB003627AD /* Frameworks */,
				E49EA319221DFFCB003627AD /* Resources */,
				D57C8CDCACCF902D2375D5DF /* [CP] Copy Pods Resources */,
			);
			buildRules = (
			);
			dependencies = (
			);
			name = TruMove;
			productName = TruMove;
			productReference = E49EA31B221DFFCB003627AD /* TruMove.app */;
			productType = "com.apple.product-type.application";
		};
/* End PBXNativeTarget section */

/* Begin PBXProject section */
		E49EA313221DFFCB003627AD /* Project object */ = {
			isa = PBXProject;
			attributes = {
				LastSwiftUpdateCheck = 1010;
				LastUpgradeCheck = 1010;
				ORGANIZATIONNAME = ece1778;
				TargetAttributes = {
					E49EA31A221DFFCB003627AD = {
						CreatedOnToolsVersion = 10.1;
					};
				};
			};
			buildConfigurationList = E49EA316221DFFCB003627AD /* Build configuration list for PBXProject "TruMove" */;
			compatibilityVersion = "Xcode 9.3";
			developmentRegion = en;
			hasScannedForEncodings = 0;
			knownRegions = (
				en,
				Base,
			);
			mainGroup = E49EA312221DFFCB003627AD;
			productRefGroup = E49EA31C221DFFCB003627AD /* Products */;
			projectDirPath = "";
			projectRoot = "";
			targets = (
				E49EA31A221DFFCB003627AD /* TruMove */,
			);
		};
/* End PBXProject section */

/* Begin PBXResourcesBuildPhase section */
		E49EA319221DFFCB003627AD /* Resources */ = {
			isa = PBXResourcesBuildPhase;
			buildActionMask = 2147483647;
			files = (
				E49EA329221DFFCD003627AD /* LaunchScreen.storyboard in Resources */,
				E4862BF5222B7EBA004B982A /* GoogleService-Info.plist in Resources */,
				E49EA326221DFFCD003627AD /* Assets.xcassets in Resources */,
				E49EA324221DFFCB003627AD /* Main.storyboard in Resources */,
			);
			runOnlyForDeploymentPostprocessing = 0;
		};
/* End PBXResourcesBuildPhase section */

/* Begin PBXShellScriptBuildPhase section */
		0932FEAD58E01A0BA5BD8EB7 /* [CP] Check Pods Manifest.lock */ = {
			isa = PBXShellScriptBuildPhase;
			buildActionMask = 2147483647;
			files = (
			);
			inputFileListPaths = (
			);
			inputPaths = (
				"${PODS_PODFILE_DIR_PATH}/Podfile.lock",
				"${PODS_ROOT}/Manifest.lock",
			);
			name = "[CP] Check Pods Manifest.lock";
			outputFileListPaths = (
			);
			outputPaths = (
				"$(DERIVED_FILE_DIR)/Pods-TruMove-checkManifestLockResult.txt",
			);
			runOnlyForDeploymentPostprocessing = 0;
			shellPath = /bin/sh;
			shellScript = "diff \"${PODS_PODFILE_DIR_PATH}/Podfile.lock\" \"${PODS_ROOT}/Manifest.lock\" > /dev/null\nif [ $? != 0 ] ; then\n    # print error to STDERR\n    echo \"error: The sandbox is not in sync with the Podfile.lock. Run 'pod install' or update your CocoaPods installation.\" >&2\n    exit 1\nfi\n# This output is used by Xcode 'outputs' to avoid re-running this script phase.\necho \"SUCCESS\" > \"${SCRIPT_OUTPUT_FILE_0}\"\n";
			showEnvVarsInLog = 0;
		};
		D57C8CDCACCF902D2375D5DF /* [CP] Copy Pods Resources */ = {
			isa = PBXShellScriptBuildPhase;
			buildActionMask = 2147483647;
			files = (
			);
			inputFileListPaths = (
			);
			inputPaths = (
				"${SRCROOT}/Pods/Target Support Files/Pods-TruMove/Pods-TruMove-resources.sh",
				"${PODS_ROOT}/IQKeyboardManagerSwift/IQKeyboardManagerSwift/Resources/IQKeyboardManager.bundle",
				"${PODS_CONFIGURATION_BUILD_DIR}/gRPC/gRPCCertificates.bundle",
			);
			name = "[CP] Copy Pods Resources";
			outputFileListPaths = (
			);
			outputPaths = (
				"${TARGET_BUILD_DIR}/${UNLOCALIZED_RESOURCES_FOLDER_PATH}/IQKeyboardManager.bundle",
				"${TARGET_BUILD_DIR}/${UNLOCALIZED_RESOURCES_FOLDER_PATH}/gRPCCertificates.bundle",
			);
			runOnlyForDeploymentPostprocessing = 0;
			shellPath = /bin/sh;
			shellScript = "\"${SRCROOT}/Pods/Target Support Files/Pods-TruMove/Pods-TruMove-resources.sh\"\n";
			showEnvVarsInLog = 0;
		};
/* End PBXShellScriptBuildPhase section */

/* Begin PBXSourcesBuildPhase section */
		E49EA317221DFFCB003627AD /* Sources */ = {
			isa = PBXSourcesBuildPhase;
			buildActionMask = 2147483647;
			files = (
				E4862BEC222B7E5D004B982A /* SportSearchCell.swift in Sources */,
				E49EA321221DFFCB003627AD /* ViewController.swift in Sources */,
				E49EA31F221DFFCB003627AD /* AppDelegate.swift in Sources */,
				E4862BEB222B7E5D004B982A /* SportSearchController.swift in Sources */,
				E4862BF2222B7E7F004B982A /* LoginController.swift in Sources */,
				E4862BF3222B7E7F004B982A /* SignUpController.swift in Sources */,
				E4862BC9222B7C44004B982A /* MainTabBarController.swift in Sources */,
				E4862BEE222B7E5D004B982A /* SportIntroController.swift in Sources */,
				E4862BED222B7E5D004B982A /* DataAnalysisController.swift in Sources */,
				E4862BEA222B7E5D004B982A /* Extensions.swift in Sources */,
			);
			runOnlyForDeploymentPostprocessing = 0;
		};
/* End PBXSourcesBuildPhase section */

/* Begin PBXVariantGroup section */
		E49EA322221DFFCB003627AD /* Main.storyboard */ = {
			isa = PBXVariantGroup;
			children = (
				E49EA323221DFFCB003627AD /* Base */,
			);
			name = Main.storyboard;
			sourceTree = "<group>";
		};
		E49EA327221DFFCD003627AD /* LaunchScreen.storyboard */ = {
			isa = PBXVariantGroup;
			children = (
				E49EA328221DFFCD003627AD /* Base */,
			);
			name = LaunchScreen.storyboard;
			sourceTree = "<group>";
		};
/* End PBXVariantGroup section */

/* Begin XCBuildConfiguration section */
		E49EA32B221DFFCD003627AD /* Debug */ = {
			isa = XCBuildConfiguration;
			buildSettings = {
				ALWAYS_SEARCH_USER_PATHS = NO;
				CLANG_ANALYZER_NONNULL = YES;
				CLANG_ANALYZER_NUMBER_OBJECT_CONVERSION = YES_AGGRESSIVE;
				CLANG_CXX_LANGUAGE_STANDARD = "gnu++14";
				CLANG_CXX_LIBRARY = "libc++";
				CLANG_ENABLE_MODULES = YES;
				CLANG_ENABLE_OBJC_ARC = YES;
				CLANG_ENABLE_OBJC_WEAK = YES;
				CLANG_WARN_BLOCK_CAPTURE_AUTORELEASING = YES;
				CLANG_WARN_BOOL_CONVERSION = YES;
				CLANG_WARN_COMMA = YES;
				CLANG_WARN_CONSTANT_CONVERSION = YES;
				CLANG_WARN_DEPRECATED_OBJC_IMPLEMENTATIONS = YES;
				CLANG_WARN_DIRECT_OBJC_ISA_USAGE = YES_ERROR;
				CLANG_WARN_DOCUMENTATION_COMMENTS = YES;
				CLANG_WARN_EMPTY_BODY = YES;
				CLANG_WARN_ENUM_CONVERSION = YES;
				CLANG_WARN_INFINITE_RECURSION = YES;
				CLANG_WARN_INT_CONVERSION = YES;
				CLANG_WARN_NON_LITERAL_NULL_CONVERSION = YES;
				CLANG_WARN_OBJC_IMPLICIT_RETAIN_SELF = YES;
				CLANG_WARN_OBJC_LITERAL_CONVERSION = YES;
				CLANG_WARN_OBJC_ROOT_CLASS = YES_ERROR;
				CLANG_WARN_RANGE_LOOP_ANALYSIS = YES;
				CLANG_WARN_STRICT_PROTOTYPES = YES;
				CLANG_WARN_SUSPICIOUS_MOVE = YES;
				CLANG_WARN_UNGUARDED_AVAILABILITY = YES_AGGRESSIVE;
				CLANG_WARN_UNREACHABLE_CODE = YES;
				CLANG_WARN__DUPLICATE_METHOD_MATCH = YES;
				CODE_SIGN_IDENTITY = "iPhone Developer";
				COPY_PHASE_STRIP = NO;
				DEBUG_INFORMATION_FORMAT = dwarf;
				ENABLE_STRICT_OBJC_MSGSEND = YES;
				ENABLE_TESTABILITY = YES;
				GCC_C_LANGUAGE_STANDARD = gnu11;
				GCC_DYNAMIC_NO_PIC = NO;
				GCC_NO_COMMON_BLOCKS = YES;
				GCC_OPTIMIZATION_LEVEL = 0;
				GCC_PREPROCESSOR_DEFINITIONS = (
					"DEBUG=1",
					"$(inherited)",
				);
				GCC_WARN_64_TO_32_BIT_CONVERSION = YES;
				GCC_WARN_ABOUT_RETURN_TYPE = YES_ERROR;
				GCC_WARN_UNDECLARED_SELECTOR = YES;
				GCC_WARN_UNINITIALIZED_AUTOS = YES_AGGRESSIVE;
				GCC_WARN_UNUSED_FUNCTION = YES;
				GCC_WARN_UNUSED_VARIABLE = YES;
				IPHONEOS_DEPLOYMENT_TARGET = 12.1;
				MTL_ENABLE_DEBUG_INFO = INCLUDE_SOURCE;
				MTL_FAST_MATH = YES;
				ONLY_ACTIVE_ARCH = YES;
				SDKROOT = iphoneos;
				SWIFT_ACTIVE_COMPILATION_CONDITIONS = DEBUG;
				SWIFT_OPTIMIZATION_LEVEL = "-Onone";
			};
			name = Debug;
		};
		E49EA32C221DFFCD003627AD /* Release */ = {
			isa = XCBuildConfiguration;
			buildSettings = {
				ALWAYS_SEARCH_USER_PATHS = NO;
				CLANG_ANALYZER_NONNULL = YES;
				CLANG_ANALYZER_NUMBER_OBJECT_CONVERSION = YES_AGGRESSIVE;
				CLANG_CXX_LANGUAGE_STANDARD = "gnu++14";
				CLANG_CXX_LIBRARY = "libc++";
				CLANG_ENABLE_MODULES = YES;
				CLANG_ENABLE_OBJC_ARC = YES;
				CLANG_ENABLE_OBJC_WEAK = YES;
				CLANG_WARN_BLOCK_CAPTURE_AUTORELEASING = YES;
				CLANG_WARN_BOOL_CONVERSION = YES;
				CLANG_WARN_COMMA = YES;
				CLANG_WARN_CONSTANT_CONVERSION = YES;
				CLANG_WARN_DEPRECATED_OBJC_IMPLEMENTATIONS = YES;
				CLANG_WARN_DIRECT_OBJC_ISA_USAGE = YES_ERROR;
				CLANG_WARN_DOCUMENTATION_COMMENTS = YES;
				CLANG_WARN_EMPTY_BODY = YES;
				CLANG_WARN_ENUM_CONVERSION = YES;
				CLANG_WARN_INFINITE_RECURSION = YES;
				CLANG_WARN_INT_CONVERSION = YES;
				CLANG_WARN_NON_LITERAL_NULL_CONVERSION = YES;
				CLANG_WARN_OBJC_IMPLICIT_RETAIN_SELF = YES;
				CLANG_WARN_OBJC_LITERAL_CONVERSION = YES;
				CLANG_WARN_OBJC_ROOT_CLASS = YES_ERROR;
				CLANG_WARN_RANGE_LOOP_ANALYSIS = YES;
				CLANG_WARN_STRICT_PROTOTYPES = YES;
				CLANG_WARN_SUSPICIOUS_MOVE = YES;
				CLANG_WARN_UNGUARDED_AVAILABILITY = YES_AGGRESSIVE;
				CLANG_WARN_UNREACHABLE_CODE = YES;
				CLANG_WARN__DUPLICATE_METHOD_MATCH = YES;
				CODE_SIGN_IDENTITY = "iPhone Developer";
				COPY_PHASE_STRIP = NO;
				DEBUG_INFORMATION_FORMAT = "dwarf-with-dsym";
				ENABLE_NS_ASSERTIONS = NO;
				ENABLE_STRICT_OBJC_MSGSEND = YES;
				GCC_C_LANGUAGE_STANDARD = gnu11;
				GCC_NO_COMMON_BLOCKS = YES;
				GCC_WARN_64_TO_32_BIT_CONVERSION = YES;
				GCC_WARN_ABOUT_RETURN_TYPE = YES_ERROR;
				GCC_WARN_UNDECLARED_SELECTOR = YES;
				GCC_WARN_UNINITIALIZED_AUTOS = YES_AGGRESSIVE;
				GCC_WARN_UNUSED_FUNCTION = YES;
				GCC_WARN_UNUSED_VARIABLE = YES;
				IPHONEOS_DEPLOYMENT_TARGET = 12.1;
				MTL_ENABLE_DEBUG_INFO = NO;
				MTL_FAST_MATH = YES;
				SDKROOT = iphoneos;
				SWIFT_COMPILATION_MODE = wholemodule;
				SWIFT_OPTIMIZATION_LEVEL = "-O";
				VALIDATE_PRODUCT = YES;
			};
			name = Release;
		};
		E49EA32E221DFFCD003627AD /* Debug */ = {
			isa = XCBuildConfiguration;
			baseConfigurationReference = A9D210BA187BA5D143F3C273 /* Pods-TruMove.debug.xcconfig */;
			buildSettings = {
				ASSETCATALOG_COMPILER_APPICON_NAME = AppIcon;
				CODE_SIGN_STYLE = Automatic;
				DEVELOPMENT_TEAM = P94Z54B24B;
				INFOPLIST_FILE = TruMove/Info.plist;
				LD_RUNPATH_SEARCH_PATHS = (
					"$(inherited)",
					"@executable_path/Frameworks",
				);
				PRODUCT_BUNDLE_IDENTIFIER = com.ece1778TruMove;
				PRODUCT_NAME = "$(TARGET_NAME)";
				SWIFT_VERSION = 4.2;
				TARGETED_DEVICE_FAMILY = "1,2";
			};
			name = Debug;
		};
		E49EA32F221DFFCD003627AD /* Release */ = {
			isa = XCBuildConfiguration;
			baseConfigurationReference = DED66FC11A673F9075E1626B /* Pods-TruMove.release.xcconfig */;
			buildSettings = {
				ASSETCATALOG_COMPILER_APPICON_NAME = AppIcon;
				CODE_SIGN_STYLE = Automatic;
				DEVELOPMENT_TEAM = P94Z54B24B;
				INFOPLIST_FILE = TruMove/Info.plist;
				LD_RUNPATH_SEARCH_PATHS = (
					"$(inherited)",
					"@executable_path/Frameworks",
				);
				PRODUCT_BUNDLE_IDENTIFIER = com.ece1778TruMove;
				PRODUCT_NAME = "$(TARGET_NAME)";
				SWIFT_VERSION = 4.2;
				TARGETED_DEVICE_FAMILY = "1,2";
			};
			name = Release;
		};
/* End XCBuildConfiguration section */

/* Begin XCConfigurationList section */
		E49EA316221DFFCB003627AD /* Build configuration list for PBXProject "TruMove" */ = {
			isa = XCConfigurationList;
			buildConfigurations = (
				E49EA32B221DFFCD003627AD /* Debug */,
				E49EA32C221DFFCD003627AD /* Release */,
			);
			defaultConfigurationIsVisible = 0;
			defaultConfigurationName = Release;
		};
		E49EA32D221DFFCD003627AD /* Build configuration list for PBXNativeTarget "TruMove" */ = {
			isa = XCConfigurationList;
			buildConfigurations = (
				E49EA32E221DFFCD003627AD /* Debug */,
				E49EA32F221DFFCD003627AD /* Release */,
			);
			defaultConfigurationIsVisible = 0;
			defaultConfigurationName = Release;
		};
/* End XCConfigurationList section */
	};
	rootObject = E49EA313221DFFCB003627AD /* Project object */;
}
